
Microsoft Visual Studio Solution File, Format Version 12.00
# Visual Studio Version 16
VisualStudioVersion = 16.0.30404.54
MinimumVisualStudioVersion = 10.0.40219.1
Project("{FAE04EC0-301F-11D3-BF4B-00C04F79EFBC}") = "LittleCorporal", "LittleCorporal.csproj", "{C9D4865F-9599-477D-BF0E-A5F10A256D52}"
EndProject
Project("{FAE04EC0-301F-11D3-BF4B-00C04F79EFBC}") = "LittleCorporal.Loader", "LittleCorporal.Loader\LittleCorporal.Loader.csproj", "{59AC5977-CB3E-4146-A300-3823C859DD5E}"
EndProject
Global
	GlobalSection(SolutionConfigurationPlatforms) = preSolution
		Debug|Any CPU = Debug|Any CPU
		Debug|x64 = Debug|x64
		Debug|x86 = Debug|x86
		Release|Any CPU = Release|Any CPU
		Release|x64 = Release|x64
		Release|x86 = Release|x86
	EndGlobalSection
	GlobalSection(ProjectConfigurationPlatforms) = postSolution
		{C9D4865F-9599-477D-BF0E-A5F10A256D52}.Debug|Any CPU.ActiveCfg = Debug|Any CPU
		{C9D4865F-9599-477D-BF0E-A5F10A256D52}.Debug|Any CPU.Build.0 = Debug|Any CPU
		{C9D4865F-9599-477D-BF0E-A5F10A256D52}.Debug|x64.ActiveCfg = Debug|Any CPU
		{C9D4865F-9599-477D-BF0E-A5F10A256D52}.Debug|x64.Build.0 = Debug|Any CPU
		{C9D4865F-9599-477D-BF0E-A5F10A256D52}.Debug|x86.ActiveCfg = Debug|Any CPU
		{C9D4865F-9599-477D-BF0E-A5F10A256D52}.Debug|x86.Build.0 = Debug|Any CPU
		{C9D4865F-9599-477D-BF0E-A5F10A256D52}.Release|Any CPU.ActiveCfg = Release|Any CPU
		{C9D4865F-9599-477D-BF0E-A5F10A256D52}.Release|Any CPU.Build.0 = Release|Any CPU
		{C9D4865F-9599-477D-BF0E-A5F10A256D52}.Release|x64.ActiveCfg = Release|Any CPU
		{C9D4865F-9599-477D-BF0E-A5F10A256D52}.Release|x64.Build.0 = Release|Any CPU
		{C9D4865F-9599-477D-BF0E-A5F10A256D52}.Release|x86.ActiveCfg = Release|Any CPU
		{C9D4865F-9599-477D-BF0E-A5F10A256D52}.Release|x86.Build.0 = Release|Any CPU
		{59AC5977-CB3E-4146-A300-3823C859DD5E}.Debug|Any CPU.ActiveCfg = Debug|Any CPU
		{59AC5977-CB3E-4146-A300-3823C859DD5E}.Debug|x64.ActiveCfg = Debug|Any CPU
		{59AC5977-CB3E-4146-A300-3823C859DD5E}.Debug|x86.ActiveCfg = Debug|Any CPU
		{59AC5977-CB3E-4146-A300-3823C859DD5E}.Debug|x86.Build.0 = Debug|Any CPU
		{59AC5977-CB3E-4146-A300-3823C859DD5E}.Release|Any CPU.ActiveCfg = Release|Any CPU
		{59AC5977-CB3E-4146-A300-3823C859DD5E}.Release|Any CPU.Build.0 = Release|Any CPU
		{59AC5977-CB3E-4146-A300-3823C859DD5E}.Release|x64.ActiveCfg = Release|Any CPU
		{59AC5977-CB3E-4146-A300-3823C859DD5E}.Release|x64.Build.0 = Release|Any CPU
		{59AC5977-CB3E-4146-A300-3823C859DD5E}.Release|x86.ActiveCfg = Release|Any CPU
		{59AC5977-CB3E-4146-A300-3823C859DD5E}.Release|x86.Build.0 = Release|Any CPU
	EndGlobalSection
	GlobalSection(SolutionProperties) = preSolution
		HideSolutionNode = FALSE
	EndGlobalSection
	GlobalSection(ExtensibilityGlobals) = postSolution
		SolutionGuid = {28608961-6FFF-4764-BEFB-21FDB9B8ABAA}
	EndGlobalSection
EndGlobal
